<?xml version="1.0" encoding="utf-8"?>
<Project ToolsVersion="4.0" xmlns="http://schemas.microsoft.com/developer/msbuild/2003">
  <ItemGroup>
    <Filter Include="Source Files">
      <UniqueIdentifier>{4FC737F1-C7A5-4376-A066-2A32D752A2FF}</UniqueIdentifier>
      <Extensions>cpp;c;cc;cxx;c++;cppm;ixx;def;odl;idl;hpj;bat;asm;asmx</Extensions>
    </Filter>
    <Filter Include="Header Files">
      <UniqueIdentifier>{93995380-89BD-4b04-88EB-625FBE52EBFB}</UniqueIdentifier>
      <Extensions>h;hh;hpp;hxx;h++;hm;inl;inc;ipp;xsd</Extensions>
    </Filter>
    <Filter Include="Resource Files">
      <UniqueIdentifier>{67DA6AB6-F800-4c08-8B7A-83BB121AAD01}</UniqueIdentifier>
      <Extensions>rc;ico;cur;bmp;dlg;rc2;rct;bin;rgs;gif;jpg;jpeg;jpe;resx;tiff;tif;png;wav;mfcribbon-ms</Extensions>
    </Filter>
  </ItemGroup>
  <ItemGroup>
    <ClCompile Include="main.cpp">
      <Filter>Source Files</Filter>
    </ClCompile>
    <ClCompile Include="Physics\Particles\Particle3D.cpp">
      <Filter>Source Files</Filter>
    </ClCompile>
    <ClCompile Include="GameCore\Managers\GameObjectManager.cpp">
      <Filter>Source Files</Filter>
    </ClCompile>
    <ClCompile Include="GameCore\Game.cpp">
      <Filter>Source Files</Filter>
    </ClCompile>
    <ClCompile Include="Entities\ParticleObject.cpp">
      <Filter>Source Files</Filter>
    </ClCompile>
    <ClCompile Include="BaseClasses\Component.cpp">
      <Filter>Source Files</Filter>
    </ClCompile>
    <ClCompile Include="BaseClasses\GameObject.cpp">
      <Filter>Source Files</Filter>
    </ClCompile>
    <ClCompile Include="BaseClasses\Vector3D.cpp">
      <Filter>Source Files</Filter>
    </ClCompile>
    <ClCompile Include="Entities\Components\Renderer\Renderer.cpp">
      <Filter>Source Files</Filter>
    </ClCompile>
    <ClCompile Include="Entities\Components\Input\GeneralInput.cpp">
      <Filter>Source Files</Filter>
    </ClCompile>
    <ClCompile Include="Entities\Components\Physics\ParticleSystem.cpp">
      <Filter>Source Files</Filter>
    </ClCompile>
    <ClCompile Include="Entities\Components\Script\ObjectLifeTime.cpp">
      <Filter>Source Files</Filter>
    </ClCompile>
    <ClCompile Include="BaseClasses\EmptyGameObject.cpp">
      <Filter>Source Files</Filter>
    </ClCompile>
    <ClCompile Include="Entities\Components\Script\EmissionCircleShape.cpp">
      <Filter>Source Files</Filter>
    </ClCompile>
    <ClCompile Include="Physics\Particles\Cables\ParticleCable.cpp">
      <Filter>Source Files</Filter>
    </ClCompile>
    <ClCompile Include="Physics\Particles\Cables\ParticleContact.cpp">
      <Filter>Source Files</Filter>
    </ClCompile>
    <ClCompile Include="Physics\Particles\Cables\ParticleContactResolver.cpp">
      <Filter>Source Files</Filter>
    </ClCompile>
    <ClCompile Include="Physics\Particles\Cables\ParticleGroundContact.cpp">
      <Filter>Source Files</Filter>
    </ClCompile>
    <ClCompile Include="Physics\Particles\Cables\ParticleLink.cpp">
      <Filter>Source Files</Filter>
    </ClCompile>
    <ClCompile Include="Physics\Particles\Cables\ParticleOverlapContact.cpp">
      <Filter>Source Files</Filter>
    </ClCompile>
    <ClCompile Include="Physics\Particles\Cables\ParticleRod.cpp">
      <Filter>Source Files</Filter>
    </ClCompile>
    <ClCompile Include="Physics\Particles\Forces\ParticleDrag.cpp">
      <Filter>Source Files</Filter>
    </ClCompile>
    <ClCompile Include="Physics\Particles\Forces\ParticleForceRegistry.cpp">
      <Filter>Source Files</Filter>
    </ClCompile>
    <ClCompile Include="Physics\Particles\Forces\ParticleGravity.cpp">
      <Filter>Source Files</Filter>
    </ClCompile>
    <ClCompile Include="Physics\Particles\ParticleWorld.cpp">
      <Filter>Source Files</Filter>
    </ClCompile>
    <ClCompile Include="Physics\Particles\SpringLikeForces\ParticleAnchoredSpring.cpp">
      <Filter>Source Files</Filter>
    </ClCompile>
    <ClCompile Include="Physics\Particles\SpringLikeForces\ParticleBouyancy.cpp">
      <Filter>Source Files</Filter>
    </ClCompile>
    <ClCompile Include="Physics\Particles\SpringLikeForces\ParticleBungee.cpp">
      <Filter>Source Files</Filter>
    </ClCompile>
    <ClCompile Include="Physics\Particles\SpringLikeForces\ParticleSpring.cpp">
      <Filter>Source Files</Filter>
    </ClCompile>
    <ClCompile Include="GameCore\MassAggregateSystem.cpp">
      <Filter>Source Files</Filter>
    </ClCompile>
    <ClCompile Include="Entities\VisibleLine.cpp">
      <Filter>Source Files</Filter>
    </ClCompile>
    <ClCompile Include="Physics\Particles\Cables\ParticleAnchoredCable.cpp">
      <Filter>Source Files</Filter>
    </ClCompile>
  </ItemGroup>
  <ItemGroup>
    <ClInclude Include="Physics\Particles\Particle3D.h">
      <Filter>Header Files</Filter>
    </ClInclude>
    <ClInclude Include="GameCore\Managers\GameObjectManager.h">
      <Filter>Header Files</Filter>
    </ClInclude>
    <ClInclude Include="GameCore\Game.h">
      <Filter>Header Files</Filter>
    </ClInclude>
    <ClInclude Include="Entities\ParticleObject.h">
      <Filter>Header Files</Filter>
    </ClInclude>
    <ClInclude Include="Config\Settings.h">
      <Filter>Header Files</Filter>
    </ClInclude>
    <ClInclude Include="BaseClasses\Component.h">
      <Filter>Header Files</Filter>
    </ClInclude>
    <ClInclude Include="BaseClasses\GameObject.h">
      <Filter>Header Files</Filter>
    </ClInclude>
    <ClInclude Include="BaseClasses\Vector3D.h">
      <Filter>Header Files</Filter>
    </ClInclude>
    <ClInclude Include="BaseClasses\Enums\ComponentType.h">
      <Filter>Header Files</Filter>
    </ClInclude>
    <ClInclude Include="Entities\Components\Renderer\Renderer.h">
      <Filter>Header Files</Filter>
    </ClInclude>
    <ClInclude Include="Entities\Components\Input\GeneralInput.h">
      <Filter>Header Files</Filter>
    </ClInclude>
    <ClInclude Include="Entities\Components\Physics\ParticleSystem.h">
      <Filter>Header Files</Filter>
    </ClInclude>
    <ClInclude Include="Entities\Components\Script\ObjectLifeTime.h">
      <Filter>Header Files</Filter>
    </ClInclude>
    <ClInclude Include="BaseClasses\EmptyGameObject.h">
      <Filter>Header Files</Filter>
    </ClInclude>
    <ClInclude Include="Entities\Components\Script\EmissionCircleShape.h">
      <Filter>Header Files</Filter>
    </ClInclude>
    <ClInclude Include="Physics\Particles\Cables\ParticleCable.h">
      <Filter>Header Files</Filter>
    </ClInclude>
    <ClInclude Include="Physics\Particles\Cables\ParticleContact.h">
      <Filter>Header Files</Filter>
    </ClInclude>
    <ClInclude Include="Physics\Particles\Cables\ParticleContactGenerator.h">
      <Filter>Header Files</Filter>
    </ClInclude>
    <ClInclude Include="Physics\Particles\Cables\ParticleContactResolver.h">
      <Filter>Header Files</Filter>
    </ClInclude>
    <ClInclude Include="Physics\Particles\Cables\ParticleGroundContact.h">
      <Filter>Header Files</Filter>
    </ClInclude>
    <ClInclude Include="Physics\Particles\Cables\ParticleLink.h">
      <Filter>Header Files</Filter>
    </ClInclude>
    <ClInclude Include="Physics\Particles\Cables\ParticleOverlapContact.h">
      <Filter>Header Files</Filter>
    </ClInclude>
    <ClInclude Include="Physics\Particles\Cables\ParticleRod.h">
      <Filter>Header Files</Filter>
    </ClInclude>
    <ClInclude Include="Physics\Particles\Forces\IParticleForceGenerator.h">
      <Filter>Header Files</Filter>
    </ClInclude>
    <ClInclude Include="Physics\Particles\Forces\ParticleDrag.h">
      <Filter>Header Files</Filter>
    </ClInclude>
    <ClInclude Include="Physics\Particles\Forces\ParticleForceRegistry.h">
      <Filter>Header Files</Filter>
    </ClInclude>
    <ClInclude Include="Physics\Particles\Forces\ParticleGravity.h">
      <Filter>Header Files</Filter>
    </ClInclude>
    <ClInclude Include="Physics\Particles\ParticleWorld.h">
      <Filter>Header Files</Filter>
    </ClInclude>
    <ClInclude Include="Physics\Particles\SpringLikeForces\ParticleAnchoredSpring.h">
      <Filter>Header Files</Filter>
    </ClInclude>
    <ClInclude Include="Physics\Particles\SpringLikeForces\ParticleBouyancy.h">
      <Filter>Header Files</Filter>
    </ClInclude>
    <ClInclude Include="Physics\Particles\SpringLikeForces\ParticleBungee.h">
      <Filter>Header Files</Filter>
    </ClInclude>
    <ClInclude Include="Physics\Particles\SpringLikeForces\ParticleSpring.h">
      <Filter>Header Files</Filter>
    </ClInclude>
    <ClInclude Include="GameCore\MassAggregateSystem.h">
      <Filter>Header Files</Filter>
    </ClInclude>
    <ClInclude Include="Entities\VisibleLine.h">
      <Filter>Header Files</Filter>
    </ClInclude>
    <ClInclude Include="Physics\Particles\Cables\ParticleAnchoredCable.h">
      <Filter>Header Files</Filter>
    </ClInclude>
  </ItemGroup>
</Project>